
Microsoft Visual Studio Solution File, Format Version 12.00
# Visual Studio Version 17
VisualStudioVersion = 17.4.33213.308
MinimumVisualStudioVersion = 10.0.40219.1
Project("{FAE04EC0-301F-11D3-BF4B-00C04F79EFBC}") = "猜數字", "猜數字\猜數字.csproj", "{5C05A683-3794-44A8-96E0-4FF05C325274}"
EndProject
Global
	GlobalSection(SolutionConfigurationPlatforms) = preSolution
		Debug|Any CPU = Debug|Any CPU
		Release|Any CPU = Release|Any CPU
	EndGlobalSection
	GlobalSection(ProjectConfigurationPlatforms) = postSolution
		{5C05A683-3794-44A8-96E0-4FF05C325274}.Debug|Any CPU.ActiveCfg = Debug|Any CPU
		{5C05A683-3794-44A8-96E0-4FF05C325274}.Debug|Any CPU.Build.0 = Debug|Any CPU
		{5C05A683-3794-44A8-96E0-4FF05C325274}.Release|Any CPU.ActiveCfg = Release|Any CPU
		{5C05A683-3794-44A8-96E0-4FF05C325274}.Release|Any CPU.Build.0 = Release|Any CPU
	EndGlobalSection
	GlobalSection(SolutionProperties) = preSolution
		HideSolutionNode = FALSE
	EndGlobalSection
	GlobalSection(ExtensibilityGlobals) = postSolution
		SolutionGuid = {043BF2BC-8039-45B6-8E6D-47553FA32104}
	EndGlobalSection
EndGlobal
